
Microsoft Visual Studio Solution File, Format Version 12.00
# Visual Studio Version 17
VisualStudioVersion = 17.5.002.0
MinimumVisualStudioVersion = 10.0.40219.1
Project("{2150E333-8FDC-42A3-9474-1A3956D46DE8}") = "backend", "backend", "{F28A05F5-5F36-4745-912A-21149A5A8F83}"
EndProject
Project("{9A19103F-16F7-4668-BE54-9A1E7A4F7556}") = "WaterProject.API", "backend\WaterProject.API\WaterProject.API.csproj", "{AE814B89-3C9E-421F-84CA-CCDB859B5EEF}"
EndProject
Global
	GlobalSection(SolutionConfigurationPlatforms) = preSolution
		Debug|Any CPU = Debug|Any CPU
		Release|Any CPU = Release|Any CPU
	EndGlobalSection
	GlobalSection(ProjectConfigurationPlatforms) = postSolution
		{AE814B89-3C9E-421F-84CA-CCDB859B5EEF}.Debug|Any CPU.ActiveCfg = Debug|Any CPU
		{AE814B89-3C9E-421F-84CA-CCDB859B5EEF}.Debug|Any CPU.Build.0 = Debug|Any CPU
		{AE814B89-3C9E-421F-84CA-CCDB859B5EEF}.Release|Any CPU.ActiveCfg = Release|Any CPU
		{AE814B89-3C9E-421F-84CA-CCDB859B5EEF}.Release|Any CPU.Build.0 = Release|Any CPU
	EndGlobalSection
	GlobalSection(SolutionProperties) = preSolution
		HideSolutionNode = FALSE
	EndGlobalSection
	GlobalSection(NestedProjects) = preSolution
		{AE814B89-3C9E-421F-84CA-CCDB859B5EEF} = {F28A05F5-5F36-4745-912A-21149A5A8F83}
	EndGlobalSection
	GlobalSection(ExtensibilityGlobals) = postSolution
		SolutionGuid = {CD7C94C8-801A-4626-89B2-BE178617B4F6}
	EndGlobalSection
EndGlobal
